
Microsoft Visual Studio Solution File, Format Version 12.00
# Visual Studio Version 16
Project("{8BC9CEB8-8B4A-11D0-8D11-00A0C91BC942}") = "ALL_BUILD", "ALL_BUILD.vcxproj", "{435FFC61-F070-32CC-81FA-EFA8D60B26D6}"
	ProjectSection(ProjectDependencies) = postProject
		{5561EB01-320E-3758-9357-935F06492507} = {5561EB01-320E-3758-9357-935F06492507}
		{F0AB8140-F78F-3E67-BD22-592E518BF4EF} = {F0AB8140-F78F-3E67-BD22-592E518BF4EF}
		{8AFC57F5-40CB-3B5E-8896-A32AF306D298} = {8AFC57F5-40CB-3B5E-8896-A32AF306D298}
		{2CC7D9C9-F633-3BDB-8F57-8852CDDE79ED} = {2CC7D9C9-F633-3BDB-8F57-8852CDDE79ED}
		{194E271C-E777-3CD3-A76A-A61729BC2A70} = {194E271C-E777-3CD3-A76A-A61729BC2A70}
	EndProjectSection
EndProject
Project("{8BC9CEB8-8B4A-11D0-8D11-00A0C91BC942}") = "INSTALL", "INSTALL.vcxproj", "{8E678C6E-BEFB-316E-A191-7BAE292D9FA4}"
	ProjectSection(ProjectDependencies) = postProject
		{435FFC61-F070-32CC-81FA-EFA8D60B26D6} = {435FFC61-F070-32CC-81FA-EFA8D60B26D6}
		{5561EB01-320E-3758-9357-935F06492507} = {5561EB01-320E-3758-9357-935F06492507}
	EndProjectSection
EndProject
Project("{8BC9CEB8-8B4A-11D0-8D11-00A0C91BC942}") = "RUN_TESTS", "RUN_TESTS.vcxproj", "{8A3CA2AD-4D19-38B4-97EA-34BDF79B0349}"
	ProjectSection(ProjectDependencies) = postProject
		{5561EB01-320E-3758-9357-935F06492507} = {5561EB01-320E-3758-9357-935F06492507}
	EndProjectSection
EndProject
Project("{8BC9CEB8-8B4A-11D0-8D11-00A0C91BC942}") = "ZERO_CHECK", "ZERO_CHECK.vcxproj", "{5561EB01-320E-3758-9357-935F06492507}"
	ProjectSection(ProjectDependencies) = postProject
	EndProjectSection
EndProject
Project("{8BC9CEB8-8B4A-11D0-8D11-00A0C91BC942}") = "example", "example.vcxproj", "{F0AB8140-F78F-3E67-BD22-592E518BF4EF}"
	ProjectSection(ProjectDependencies) = postProject
		{5561EB01-320E-3758-9357-935F06492507} = {5561EB01-320E-3758-9357-935F06492507}
		{2CC7D9C9-F633-3BDB-8F57-8852CDDE79ED} = {2CC7D9C9-F633-3BDB-8F57-8852CDDE79ED}
	EndProjectSection
EndProject
Project("{8BC9CEB8-8B4A-11D0-8D11-00A0C91BC942}") = "minigzip", "minigzip.vcxproj", "{8AFC57F5-40CB-3B5E-8896-A32AF306D298}"
	ProjectSection(ProjectDependencies) = postProject
		{5561EB01-320E-3758-9357-935F06492507} = {5561EB01-320E-3758-9357-935F06492507}
		{2CC7D9C9-F633-3BDB-8F57-8852CDDE79ED} = {2CC7D9C9-F633-3BDB-8F57-8852CDDE79ED}
	EndProjectSection
EndProject
Project("{8BC9CEB8-8B4A-11D0-8D11-00A0C91BC942}") = "zlib", "zlib.vcxproj", "{2CC7D9C9-F633-3BDB-8F57-8852CDDE79ED}"
	ProjectSection(ProjectDependencies) = postProject
		{5561EB01-320E-3758-9357-935F06492507} = {5561EB01-320E-3758-9357-935F06492507}
	EndProjectSection
EndProject
Project("{8BC9CEB8-8B4A-11D0-8D11-00A0C91BC942}") = "zlibstatic", "zlibstatic.vcxproj", "{194E271C-E777-3CD3-A76A-A61729BC2A70}"
	ProjectSection(ProjectDependencies) = postProject
		{5561EB01-320E-3758-9357-935F06492507} = {5561EB01-320E-3758-9357-935F06492507}
	EndProjectSection
EndProject
Global
	GlobalSection(SolutionConfigurationPlatforms) = preSolution
		Debug|x64 = Debug|x64
		Release|x64 = Release|x64
		MinSizeRel|x64 = MinSizeRel|x64
		RelWithDebInfo|x64 = RelWithDebInfo|x64
	EndGlobalSection
	GlobalSection(ProjectConfigurationPlatforms) = postSolution
		{435FFC61-F070-32CC-81FA-EFA8D60B26D6}.Debug|x64.ActiveCfg = Debug|x64
		{435FFC61-F070-32CC-81FA-EFA8D60B26D6}.Debug|x64.Build.0 = Debug|x64
		{435FFC61-F070-32CC-81FA-EFA8D60B26D6}.Release|x64.ActiveCfg = Release|x64
		{435FFC61-F070-32CC-81FA-EFA8D60B26D6}.Release|x64.Build.0 = Release|x64
		{435FFC61-F070-32CC-81FA-EFA8D60B26D6}.MinSizeRel|x64.ActiveCfg = MinSizeRel|x64
		{435FFC61-F070-32CC-81FA-EFA8D60B26D6}.MinSizeRel|x64.Build.0 = MinSizeRel|x64
		{435FFC61-F070-32CC-81FA-EFA8D60B26D6}.RelWithDebInfo|x64.ActiveCfg = RelWithDebInfo|x64
		{435FFC61-F070-32CC-81FA-EFA8D60B26D6}.RelWithDebInfo|x64.Build.0 = RelWithDebInfo|x64
		{8E678C6E-BEFB-316E-A191-7BAE292D9FA4}.Debug|x64.ActiveCfg = Debug|x64
		{8E678C6E-BEFB-316E-A191-7BAE292D9FA4}.Release|x64.ActiveCfg = Release|x64
		{8E678C6E-BEFB-316E-A191-7BAE292D9FA4}.MinSizeRel|x64.ActiveCfg = MinSizeRel|x64
		{8E678C6E-BEFB-316E-A191-7BAE292D9FA4}.RelWithDebInfo|x64.ActiveCfg = RelWithDebInfo|x64
		{8A3CA2AD-4D19-38B4-97EA-34BDF79B0349}.Debug|x64.ActiveCfg = Debug|x64
		{8A3CA2AD-4D19-38B4-97EA-34BDF79B0349}.Release|x64.ActiveCfg = Release|x64
		{8A3CA2AD-4D19-38B4-97EA-34BDF79B0349}.MinSizeRel|x64.ActiveCfg = MinSizeRel|x64
		{8A3CA2AD-4D19-38B4-97EA-34BDF79B0349}.RelWithDebInfo|x64.ActiveCfg = RelWithDebInfo|x64
		{5561EB01-320E-3758-9357-935F06492507}.Debug|x64.ActiveCfg = Debug|x64
		{5561EB01-320E-3758-9357-935F06492507}.Debug|x64.Build.0 = Debug|x64
		{5561EB01-320E-3758-9357-935F06492507}.Release|x64.ActiveCfg = Release|x64
		{5561EB01-320E-3758-9357-935F06492507}.Release|x64.Build.0 = Release|x64
		{5561EB01-320E-3758-9357-935F06492507}.MinSizeRel|x64.ActiveCfg = MinSizeRel|x64
		{5561EB01-320E-3758-9357-935F06492507}.MinSizeRel|x64.Build.0 = MinSizeRel|x64
		{5561EB01-320E-3758-9357-935F06492507}.RelWithDebInfo|x64.ActiveCfg = RelWithDebInfo|x64
		{5561EB01-320E-3758-9357-935F06492507}.RelWithDebInfo|x64.Build.0 = RelWithDebInfo|x64
		{F0AB8140-F78F-3E67-BD22-592E518BF4EF}.Debug|x64.ActiveCfg = Debug|x64
		{F0AB8140-F78F-3E67-BD22-592E518BF4EF}.Debug|x64.Build.0 = Debug|x64
		{F0AB8140-F78F-3E67-BD22-592E518BF4EF}.Release|x64.ActiveCfg = Release|x64
		{F0AB8140-F78F-3E67-BD22-592E518BF4EF}.Release|x64.Build.0 = Release|x64
		{F0AB8140-F78F-3E67-BD22-592E518BF4EF}.MinSizeRel|x64.ActiveCfg = MinSizeRel|x64
		{F0AB8140-F78F-3E67-BD22-592E518BF4EF}.MinSizeRel|x64.Build.0 = MinSizeRel|x64
		{F0AB8140-F78F-3E67-BD22-592E518BF4EF}.RelWithDebInfo|x64.ActiveCfg = RelWithDebInfo|x64
		{F0AB8140-F78F-3E67-BD22-592E518BF4EF}.RelWithDebInfo|x64.Build.0 = RelWithDebInfo|x64
		{8AFC57F5-40CB-3B5E-8896-A32AF306D298}.Debug|x64.ActiveCfg = Debug|x64
		{8AFC57F5-40CB-3B5E-8896-A32AF306D298}.Debug|x64.Build.0 = Debug|x64
		{8AFC57F5-40CB-3B5E-8896-A32AF306D298}.Release|x64.ActiveCfg = Release|x64
		{8AFC57F5-40CB-3B5E-8896-A32AF306D298}.Release|x64.Build.0 = Release|x64
		{8AFC57F5-40CB-3B5E-8896-A32AF306D298}.MinSizeRel|x64.ActiveCfg = MinSizeRel|x64
		{8AFC57F5-40CB-3B5E-8896-A32AF306D298}.MinSizeRel|x64.Build.0 = MinSizeRel|x64
		{8AFC57F5-40CB-3B5E-8896-A32AF306D298}.RelWithDebInfo|x64.ActiveCfg = RelWithDebInfo|x64
		{8AFC57F5-40CB-3B5E-8896-A32AF306D298}.RelWithDebInfo|x64.Build.0 = RelWithDebInfo|x64
		{2CC7D9C9-F633-3BDB-8F57-8852CDDE79ED}.Debug|x64.ActiveCfg = Debug|x64
		{2CC7D9C9-F633-3BDB-8F57-8852CDDE79ED}.Debug|x64.Build.0 = Debug|x64
		{2CC7D9C9-F633-3BDB-8F57-8852CDDE79ED}.Release|x64.ActiveCfg = Release|x64
		{2CC7D9C9-F633-3BDB-8F57-8852CDDE79ED}.Release|x64.Build.0 = Release|x64
		{2CC7D9C9-F633-3BDB-8F57-8852CDDE79ED}.MinSizeRel|x64.ActiveCfg = MinSizeRel|x64
		{2CC7D9C9-F633-3BDB-8F57-8852CDDE79ED}.MinSizeRel|x64.Build.0 = MinSizeRel|x64
		{2CC7D9C9-F633-3BDB-8F57-8852CDDE79ED}.RelWithDebInfo|x64.ActiveCfg = RelWithDebInfo|x64
		{2CC7D9C9-F633-3BDB-8F57-8852CDDE79ED}.RelWithDebInfo|x64.Build.0 = RelWithDebInfo|x64
		{194E271C-E777-3CD3-A76A-A61729BC2A70}.Debug|x64.ActiveCfg = Debug|x64
		{194E271C-E777-3CD3-A76A-A61729BC2A70}.Debug|x64.Build.0 = Debug|x64
		{194E271C-E777-3CD3-A76A-A61729BC2A70}.Release|x64.ActiveCfg = Release|x64
		{194E271C-E777-3CD3-A76A-A61729BC2A70}.Release|x64.Build.0 = Release|x64
		{194E271C-E777-3CD3-A76A-A61729BC2A70}.MinSizeRel|x64.ActiveCfg = MinSizeRel|x64
		{194E271C-E777-3CD3-A76A-A61729BC2A70}.MinSizeRel|x64.Build.0 = MinSizeRel|x64
		{194E271C-E777-3CD3-A76A-A61729BC2A70}.RelWithDebInfo|x64.ActiveCfg = RelWithDebInfo|x64
		{194E271C-E777-3CD3-A76A-A61729BC2A70}.RelWithDebInfo|x64.Build.0 = RelWithDebInfo|x64
	EndGlobalSection
	GlobalSection(ExtensibilityGlobals) = postSolution
		SolutionGuid = {8166FFA9-9428-3DFF-B942-38341195C895}
	EndGlobalSection
	GlobalSection(ExtensibilityAddIns) = postSolution
	EndGlobalSection
EndGlobal
